
Microsoft Visual Studio Solution File, Format Version 12.00
# Visual Studio 15
VisualStudioVersion = 15.0.28307.329
MinimumVisualStudioVersion = 10.0.40219.1
Project("{FAE04EC0-301F-11D3-BF4B-00C04F79EFBC}") = "UnusualSpending.Tests", "UnusualSpending\UnusualSpending.Tests.csproj", "{769762E9-B57D-4D3E-BE15-59DFF0BE78B6}"
EndProject
Project("{FAE04EC0-301F-11D3-BF4B-00C04F79EFBC}") = "UnusualSpending.Classes", "ClassLibrary1\UnusualSpending.Classes.csproj", "{4B71A0A9-811E-4C7C-A441-101E2D068DCC}"
EndProject
Global
	GlobalSection(SolutionConfigurationPlatforms) = preSolution
		Debug|Any CPU = Debug|Any CPU
		Release|Any CPU = Release|Any CPU
	EndGlobalSection
	GlobalSection(ProjectConfigurationPlatforms) = postSolution
		{769762E9-B57D-4D3E-BE15-59DFF0BE78B6}.Debug|Any CPU.ActiveCfg = Debug|Any CPU
		{769762E9-B57D-4D3E-BE15-59DFF0BE78B6}.Debug|Any CPU.Build.0 = Debug|Any CPU
		{769762E9-B57D-4D3E-BE15-59DFF0BE78B6}.Release|Any CPU.ActiveCfg = Release|Any CPU
		{769762E9-B57D-4D3E-BE15-59DFF0BE78B6}.Release|Any CPU.Build.0 = Release|Any CPU
		{4B71A0A9-811E-4C7C-A441-101E2D068DCC}.Debug|Any CPU.ActiveCfg = Debug|Any CPU
		{4B71A0A9-811E-4C7C-A441-101E2D068DCC}.Debug|Any CPU.Build.0 = Debug|Any CPU
		{4B71A0A9-811E-4C7C-A441-101E2D068DCC}.Release|Any CPU.ActiveCfg = Release|Any CPU
		{4B71A0A9-811E-4C7C-A441-101E2D068DCC}.Release|Any CPU.Build.0 = Release|Any CPU
	EndGlobalSection
	GlobalSection(SolutionProperties) = preSolution
		HideSolutionNode = FALSE
	EndGlobalSection
	GlobalSection(ExtensibilityGlobals) = postSolution
		SolutionGuid = {AA1A7804-FC70-4B88-A0B9-2002F52F7F46}
	EndGlobalSection
EndGlobal
